
Microsoft Visual Studio Solution File, Format Version 12.00
# Visual Studio 2012
Project("{FAE04EC0-301F-11D3-BF4B-00C04F79EFBC}") = "SocialToolBox.Core", "SocialToolBox.Core\SocialToolBox.Core.csproj", "{4153AFAF-2332-4873-9BBF-508F553D99B2}"
EndProject
Project("{2150E333-8FDC-42A3-9474-1A3956D46DE8}") = "Solution Items", "Solution Items", "{74F98017-AECA-4784-86BE-D3704888FB7F}"
	ProjectSection(SolutionItems) = preProject
		LICENSE.txt = LICENSE.txt
	EndProjectSection
EndProject
Project("{FAE04EC0-301F-11D3-BF4B-00C04F79EFBC}") = "SocialToolBox.Sample.Web", "SocialToolBox.Sample.Web\SocialToolBox.Sample.Web.csproj", "{409FEF88-40B6-4DFE-A96B-DE098870358A}"
EndProject
Global
	GlobalSection(SolutionConfigurationPlatforms) = preSolution
		Debug|Any CPU = Debug|Any CPU
		Release|Any CPU = Release|Any CPU
	EndGlobalSection
	GlobalSection(ProjectConfigurationPlatforms) = postSolution
		{4153AFAF-2332-4873-9BBF-508F553D99B2}.Debug|Any CPU.ActiveCfg = Debug|Any CPU
		{4153AFAF-2332-4873-9BBF-508F553D99B2}.Debug|Any CPU.Build.0 = Debug|Any CPU
		{4153AFAF-2332-4873-9BBF-508F553D99B2}.Release|Any CPU.ActiveCfg = Release|Any CPU
		{4153AFAF-2332-4873-9BBF-508F553D99B2}.Release|Any CPU.Build.0 = Release|Any CPU
		{409FEF88-40B6-4DFE-A96B-DE098870358A}.Debug|Any CPU.ActiveCfg = Debug|Any CPU
		{409FEF88-40B6-4DFE-A96B-DE098870358A}.Debug|Any CPU.Build.0 = Debug|Any CPU
		{409FEF88-40B6-4DFE-A96B-DE098870358A}.Release|Any CPU.ActiveCfg = Release|Any CPU
		{409FEF88-40B6-4DFE-A96B-DE098870358A}.Release|Any CPU.Build.0 = Release|Any CPU
	EndGlobalSection
	GlobalSection(SolutionProperties) = preSolution
		HideSolutionNode = FALSE
	EndGlobalSection
EndGlobal
