
Microsoft Visual Studio Solution File, Format Version 12.00
# Visual Studio 2012
Project("{FAE04EC0-301F-11D3-BF4B-00C04F79EFBC}") = "SocialToolBox.Core", "SocialToolBox.Core\SocialToolBox.Core.csproj", "{4153AFAF-2332-4873-9BBF-508F553D99B2}"
EndProject
Project("{2150E333-8FDC-42A3-9474-1A3956D46DE8}") = "Solution Items", "Solution Items", "{74F98017-AECA-4784-86BE-D3704888FB7F}"
	ProjectSection(SolutionItems) = preProject
		LICENSE.txt = LICENSE.txt
	EndProjectSection
EndProject
Project("{FAE04EC0-301F-11D3-BF4B-00C04F79EFBC}") = "SocialToolBox.Sample.Web", "SocialToolBox.Sample.Web\SocialToolBox.Sample.Web.csproj", "{409FEF88-40B6-4DFE-A96B-DE098870358A}"
EndProject
Project("{FAE04EC0-301F-11D3-BF4B-00C04F79EFBC}") = "SocialToolBox.Core.Mocks", "SocialToolBox.Core.Mocks\SocialToolBox.Core.Mocks.csproj", "{436B21DA-8DEF-4E9E-8EFE-3B01F83F8670}"
EndProject
Project("{FAE04EC0-301F-11D3-BF4B-00C04F79EFBC}") = "SocialToolBox.Core.Tests", "SocialToolBox.Core.Tests\SocialToolBox.Core.Tests.csproj", "{5F12D2E9-E3C0-470B-8EF3-78403E3F52E1}"
EndProject
Project("{FAE04EC0-301F-11D3-BF4B-00C04F79EFBC}") = "SocialToolBox.Crm", "SocialToolBox.Crm\SocialToolBox.Crm.csproj", "{4105C235-B112-4EB3-83E9-586B2003721A}"
EndProject
Project("{FAE04EC0-301F-11D3-BF4B-00C04F79EFBC}") = "SocialToolBox.Crm.Tests", "SocialToolBox.Crm.Tests\SocialToolBox.Crm.Tests.csproj", "{944FB1C0-3A4A-44B0-83FE-A16693545F05}"
EndProject
Project("{FAE04EC0-301F-11D3-BF4B-00C04F79EFBC}") = "SocialToolBox.Core.Web.IIS", "SocialToolBox.Core.Web.IIS\SocialToolBox.Core.Web.IIS.csproj", "{0E99281C-0785-4451-A1ED-55171C6F769A}"
EndProject
Project("{FAE04EC0-301F-11D3-BF4B-00C04F79EFBC}") = "SocialToolBox.Core.Present.Bootstrap3", "SocialToolBox.Core.Present.Bootstrap3\SocialToolBox.Core.Present.Bootstrap3.csproj", "{943DFC6F-F717-4E24-9122-40099A1FEA22}"
EndProject
Project("{FAE04EC0-301F-11D3-BF4B-00C04F79EFBC}") = "SocialToolBox.Cms", "SocialToolBox.Cms\SocialToolBox.Cms.csproj", "{7B139207-19AB-404D-8AB6-E1B0B4888939}"
EndProject
Project("{FAE04EC0-301F-11D3-BF4B-00C04F79EFBC}") = "SocialToolBox.Cms.Tests", "SocialToolBox.Cms.Tests\SocialToolBox.Cms.Tests.csproj", "{B467F975-36AC-4C4D-AC25-D844324AE565}"
EndProject
Global
	GlobalSection(SolutionConfigurationPlatforms) = preSolution
		Debug|Any CPU = Debug|Any CPU
		Release|Any CPU = Release|Any CPU
	EndGlobalSection
	GlobalSection(ProjectConfigurationPlatforms) = postSolution
		{4153AFAF-2332-4873-9BBF-508F553D99B2}.Debug|Any CPU.ActiveCfg = Debug|Any CPU
		{4153AFAF-2332-4873-9BBF-508F553D99B2}.Debug|Any CPU.Build.0 = Debug|Any CPU
		{4153AFAF-2332-4873-9BBF-508F553D99B2}.Release|Any CPU.ActiveCfg = Release|Any CPU
		{4153AFAF-2332-4873-9BBF-508F553D99B2}.Release|Any CPU.Build.0 = Release|Any CPU
		{409FEF88-40B6-4DFE-A96B-DE098870358A}.Debug|Any CPU.ActiveCfg = Debug|Any CPU
		{409FEF88-40B6-4DFE-A96B-DE098870358A}.Debug|Any CPU.Build.0 = Debug|Any CPU
		{409FEF88-40B6-4DFE-A96B-DE098870358A}.Release|Any CPU.ActiveCfg = Release|Any CPU
		{409FEF88-40B6-4DFE-A96B-DE098870358A}.Release|Any CPU.Build.0 = Release|Any CPU
		{436B21DA-8DEF-4E9E-8EFE-3B01F83F8670}.Debug|Any CPU.ActiveCfg = Debug|Any CPU
		{436B21DA-8DEF-4E9E-8EFE-3B01F83F8670}.Debug|Any CPU.Build.0 = Debug|Any CPU
		{436B21DA-8DEF-4E9E-8EFE-3B01F83F8670}.Release|Any CPU.ActiveCfg = Release|Any CPU
		{436B21DA-8DEF-4E9E-8EFE-3B01F83F8670}.Release|Any CPU.Build.0 = Release|Any CPU
		{5F12D2E9-E3C0-470B-8EF3-78403E3F52E1}.Debug|Any CPU.ActiveCfg = Debug|Any CPU
		{5F12D2E9-E3C0-470B-8EF3-78403E3F52E1}.Debug|Any CPU.Build.0 = Debug|Any CPU
		{5F12D2E9-E3C0-470B-8EF3-78403E3F52E1}.Release|Any CPU.ActiveCfg = Release|Any CPU
		{5F12D2E9-E3C0-470B-8EF3-78403E3F52E1}.Release|Any CPU.Build.0 = Release|Any CPU
		{4105C235-B112-4EB3-83E9-586B2003721A}.Debug|Any CPU.ActiveCfg = Debug|Any CPU
		{4105C235-B112-4EB3-83E9-586B2003721A}.Debug|Any CPU.Build.0 = Debug|Any CPU
		{4105C235-B112-4EB3-83E9-586B2003721A}.Release|Any CPU.ActiveCfg = Release|Any CPU
		{4105C235-B112-4EB3-83E9-586B2003721A}.Release|Any CPU.Build.0 = Release|Any CPU
		{944FB1C0-3A4A-44B0-83FE-A16693545F05}.Debug|Any CPU.ActiveCfg = Debug|Any CPU
		{944FB1C0-3A4A-44B0-83FE-A16693545F05}.Debug|Any CPU.Build.0 = Debug|Any CPU
		{944FB1C0-3A4A-44B0-83FE-A16693545F05}.Release|Any CPU.ActiveCfg = Release|Any CPU
		{944FB1C0-3A4A-44B0-83FE-A16693545F05}.Release|Any CPU.Build.0 = Release|Any CPU
		{0E99281C-0785-4451-A1ED-55171C6F769A}.Debug|Any CPU.ActiveCfg = Debug|Any CPU
		{0E99281C-0785-4451-A1ED-55171C6F769A}.Debug|Any CPU.Build.0 = Debug|Any CPU
		{0E99281C-0785-4451-A1ED-55171C6F769A}.Release|Any CPU.ActiveCfg = Release|Any CPU
		{0E99281C-0785-4451-A1ED-55171C6F769A}.Release|Any CPU.Build.0 = Release|Any CPU
		{943DFC6F-F717-4E24-9122-40099A1FEA22}.Debug|Any CPU.ActiveCfg = Debug|Any CPU
		{943DFC6F-F717-4E24-9122-40099A1FEA22}.Debug|Any CPU.Build.0 = Debug|Any CPU
		{943DFC6F-F717-4E24-9122-40099A1FEA22}.Release|Any CPU.ActiveCfg = Release|Any CPU
		{943DFC6F-F717-4E24-9122-40099A1FEA22}.Release|Any CPU.Build.0 = Release|Any CPU
		{7B139207-19AB-404D-8AB6-E1B0B4888939}.Debug|Any CPU.ActiveCfg = Debug|Any CPU
		{7B139207-19AB-404D-8AB6-E1B0B4888939}.Debug|Any CPU.Build.0 = Debug|Any CPU
		{7B139207-19AB-404D-8AB6-E1B0B4888939}.Release|Any CPU.ActiveCfg = Release|Any CPU
		{7B139207-19AB-404D-8AB6-E1B0B4888939}.Release|Any CPU.Build.0 = Release|Any CPU
		{B467F975-36AC-4C4D-AC25-D844324AE565}.Debug|Any CPU.ActiveCfg = Debug|Any CPU
		{B467F975-36AC-4C4D-AC25-D844324AE565}.Debug|Any CPU.Build.0 = Debug|Any CPU
		{B467F975-36AC-4C4D-AC25-D844324AE565}.Release|Any CPU.ActiveCfg = Release|Any CPU
		{B467F975-36AC-4C4D-AC25-D844324AE565}.Release|Any CPU.Build.0 = Release|Any CPU
	EndGlobalSection
	GlobalSection(SolutionProperties) = preSolution
		HideSolutionNode = FALSE
	EndGlobalSection
EndGlobal
